
Microsoft Visual Studio Solution File, Format Version 12.00
# Visual Studio Version 16
VisualStudioVersion = 16.0.31729.503
MinimumVisualStudioVersion = 10.0.40219.1
Project("{FAE04EC0-301F-11D3-BF4B-00C04F79EFBC}") = "cryptor", "cryptor.csproj", "{F95D21AF-5C98-4907-91CD-6269C644DB30}"
EndProject
Global
	GlobalSection(SolutionConfigurationPlatforms) = preSolution
		Debug|Any CPU = Debug|Any CPU
		Release|Any CPU = Release|Any CPU
	EndGlobalSection
	GlobalSection(ProjectConfigurationPlatforms) = postSolution
		{F95D21AF-5C98-4907-91CD-6269C644DB30}.Debug|Any CPU.ActiveCfg = Debug|Any CPU
		{F95D21AF-5C98-4907-91CD-6269C644DB30}.Debug|Any CPU.Build.0 = Debug|Any CPU
		{F95D21AF-5C98-4907-91CD-6269C644DB30}.Release|Any CPU.ActiveCfg = Release|Any CPU
		{F95D21AF-5C98-4907-91CD-6269C644DB30}.Release|Any CPU.Build.0 = Release|Any CPU
	EndGlobalSection
	GlobalSection(SolutionProperties) = preSolution
		HideSolutionNode = FALSE
	EndGlobalSection
	GlobalSection(ExtensibilityGlobals) = postSolution
		SolutionGuid = {4C8C52E4-6FB4-4C8F-A88C-59CA3B0F3406}
	EndGlobalSection
EndGlobal
